// !$*UTF8*$!
{
	archiveVersion = 1;
	classes = {
	};
	objectVersion = 56;
	objects = {

/* Begin PBXBuildFile section */
		E3ADFCE729159B2000F08606 /* AppDelegate.swift in Sources */ = {isa = PBXBuildFile; fileRef = E3ADFCE629159B2000F08606 /* AppDelegate.swift */; };
		E3ADFCEF29159B2000F08606 /* GameViewController.swift in Sources */ = {isa = PBXBuildFile; fileRef = E3ADFCEE29159B2000F08606 /* GameViewController.swift */; };
		E3ADFCF229159B2000F08606 /* Main.storyboard in Resources */ = {isa = PBXBuildFile; fileRef = E3ADFCF029159B2000F08606 /* Main.storyboard */; };
		E3ADFCF729159B2000F08606 /* LaunchScreen.storyboard in Resources */ = {isa = PBXBuildFile; fileRef = E3ADFCF529159B2000F08606 /* LaunchScreen.storyboard */; };
		E3ADFCFE29159B5D00F08606 /* Common in Resources */ = {isa = PBXBuildFile; fileRef = E3ADFCFD29159B5D00F08606 /* Common */; };
		E3ADFD0029159B7B00F08606 /* Scenes in Resources */ = {isa = PBXBuildFile; fileRef = E3ADFCFF29159B7B00F08606 /* Scenes */; };
		E3ADFD0229159BAD00F08606 /* Constants in Resources */ = {isa = PBXBuildFile; fileRef = E3ADFD0129159BAD00F08606 /* Constants */; };
		E3ADFD0429159BBC00F08606 /* Model in Resources */ = {isa = PBXBuildFile; fileRef = E3ADFD0329159BBC00F08606 /* Model */; };
/* End PBXBuildFile section */

/* Begin PBXFileReference section */
		E3ADFCE329159B2000F08606 /* SpaceShooter.app */ = {isa = PBXFileReference; explicitFileType = wrapper.application; includeInIndex = 0; path = SpaceShooter.app; sourceTree = BUILT_PRODUCTS_DIR; };
		E3ADFCE629159B2000F08606 /* AppDelegate.swift */ = {isa = PBXFileReference; lastKnownFileType = sourcecode.swift; path = AppDelegate.swift; sourceTree = "<group>"; };
		E3ADFCEE29159B2000F08606 /* GameViewController.swift */ = {isa = PBXFileReference; lastKnownFileType = sourcecode.swift; path = GameViewController.swift; sourceTree = "<group>"; };
		E3ADFCF129159B2000F08606 /* Base */ = {isa = PBXFileReference; lastKnownFileType = file.storyboard; name = Base; path = Base.lproj/Main.storyboard; sourceTree = "<group>"; };
		E3ADFCF629159B2000F08606 /* Base */ = {isa = PBXFileReference; lastKnownFileType = file.storyboard; name = Base; path = Base.lproj/LaunchScreen.storyboard; sourceTree = "<group>"; };
		E3ADFCFD29159B5D00F08606 /* Common */ = {isa = PBXFileReference; lastKnownFileType = folder; path = Common; sourceTree = "<group>"; };
		E3ADFCFF29159B7B00F08606 /* Scenes */ = {isa = PBXFileReference; lastKnownFileType = folder; path = Scenes; sourceTree = "<group>"; };
		E3ADFD0129159BAD00F08606 /* Constants */ = {isa = PBXFileReference; lastKnownFileType = folder; path = Constants; sourceTree = "<group>"; };
		E3ADFD0329159BBC00F08606 /* Model */ = {isa = PBXFileReference; lastKnownFileType = folder; path = Model; sourceTree = "<group>"; };
		E3ADFD0629159BD700F08606 /* looseLife.mp3 */ = {isa = PBXFileReference; lastKnownFileType = audio.mp3; path = looseLife.mp3; sourceTree = "<group>"; };
		E3ADFD0729159BD700F08606 /* Explosion.sks */ = {isa = PBXFileReference; lastKnownFileType = file.sks; path = Explosion.sks; sourceTree = "<group>"; };
		E3ADFD0829159BD700F08606 /* explosion.mp3 */ = {isa = PBXFileReference; lastKnownFileType = audio.mp3; path = explosion.mp3; sourceTree = "<group>"; };
		E3ADFD0929159BD700F08606 /* Assets.xcassets */ = {isa = PBXFileReference; lastKnownFileType = folder.assetcatalog; path = Assets.xcassets; sourceTree = "<group>"; };
		E3ADFD0A29159BD700F08606 /* gameOver.mp3 */ = {isa = PBXFileReference; lastKnownFileType = audio.mp3; path = gameOver.mp3; sourceTree = "<group>"; };
		E3ADFD0B29159BD700F08606 /* Info.plist */ = {isa = PBXFileReference; lastKnownFileType = text.plist.xml; path = Info.plist; sourceTree = "<group>"; };
		E3ADFD0C29159BD700F08606 /* torpedo.mp3 */ = {isa = PBXFileReference; lastKnownFileType = audio.mp3; path = torpedo.mp3; sourceTree = "<group>"; };
		E3ADFD0D29159BD700F08606 /* Starfield.sks */ = {isa = PBXFileReference; lastKnownFileType = file.sks; path = Starfield.sks; sourceTree = "<group>"; };
/* End PBXFileReference section */

/* Begin PBXFrameworksBuildPhase section */
		E3ADFCE029159B2000F08606 /* Frameworks */ = {
			isa = PBXFrameworksBuildPhase;
			buildActionMask = 2147483647;
			files = (
			);
			runOnlyForDeploymentPostprocessing = 0;
		};
/* End PBXFrameworksBuildPhase section */

/* Begin PBXGroup section */
		E3ADFCDA29159B2000F08606 = {
			isa = PBXGroup;
			children = (
				E3ADFCE529159B2000F08606 /* SpaceShooter */,
				E3ADFCE429159B2000F08606 /* Products */,
			);
			sourceTree = "<group>";
		};
		E3ADFCE429159B2000F08606 /* Products */ = {
			isa = PBXGroup;
			children = (
				E3ADFCE329159B2000F08606 /* SpaceShooter.app */,
			);
			name = Products;
			sourceTree = "<group>";
		};
		E3ADFCE529159B2000F08606 /* SpaceShooter */ = {
			isa = PBXGroup;
			children = (
				E3ADFD0529159BD700F08606 /* Resources */,
				E3ADFD0329159BBC00F08606 /* Model */,
				E3ADFD0129159BAD00F08606 /* Constants */,
				E3ADFCFF29159B7B00F08606 /* Scenes */,
				E3ADFCFD29159B5D00F08606 /* Common */,
				E3ADFCE629159B2000F08606 /* AppDelegate.swift */,
				E3ADFCEE29159B2000F08606 /* GameViewController.swift */,
				E3ADFCF029159B2000F08606 /* Main.storyboard */,
				E3ADFCF529159B2000F08606 /* LaunchScreen.storyboard */,
			);
			path = SpaceShooter;
			sourceTree = "<group>";
		};
		E3ADFD0529159BD700F08606 /* Resources */ = {
			isa = PBXGroup;
			children = (
				E3ADFD0629159BD700F08606 /* looseLife.mp3 */,
				E3ADFD0729159BD700F08606 /* Explosion.sks */,
				E3ADFD0829159BD700F08606 /* explosion.mp3 */,
				E3ADFD0929159BD700F08606 /* Assets.xcassets */,
				E3ADFD0A29159BD700F08606 /* gameOver.mp3 */,
				E3ADFD0B29159BD700F08606 /* Info.plist */,
				E3ADFD0C29159BD700F08606 /* torpedo.mp3 */,
				E3ADFD0D29159BD700F08606 /* Starfield.sks */,
			);
			path = Resources;
			sourceTree = "<group>";
		};
/* End PBXGroup section */

/* Begin PBXNativeTarget section */
		E3ADFCE229159B2000F08606 /* SpaceShooter */ = {
			isa = PBXNativeTarget;
			buildConfigurationList = E3ADFCFA29159B2000F08606 /* Build configuration list for PBXNativeTarget "SpaceShooter" */;
			buildPhases = (
				E3ADFCDF29159B2000F08606 /* Sources */,
				E3ADFCE029159B2000F08606 /* Frameworks */,
				E3ADFCE129159B2000F08606 /* Resources */,
			);
			buildRules = (
			);
			dependencies = (
			);
			name = SpaceShooter;
			productName = SpaceShooter;
			productReference = E3ADFCE329159B2000F08606 /* SpaceShooter.app */;
			productType = "com.apple.product-type.application";
		};
/* End PBXNativeTarget section */

/* Begin PBXProject section */
		E3ADFCDB29159B2000F08606 /* Project object */ = {
			isa = PBXProject;
			attributes = {
				BuildIndependentTargetsInParallel = 1;
				LastSwiftUpdateCheck = 1400;
				LastUpgradeCheck = 1400;
				TargetAttributes = {
					E3ADFCE229159B2000F08606 = {
						CreatedOnToolsVersion = 14.0.1;
					};
				};
			};
			buildConfigurationList = E3ADFCDE29159B2000F08606 /* Build configuration list for PBXProject "SpaceShooter" */;
			compatibilityVersion = "Xcode 14.0";
			developmentRegion = en;
			hasScannedForEncodings = 0;
			knownRegions = (
				en,
				Base,
			);
			mainGroup = E3ADFCDA29159B2000F08606;
			productRefGroup = E3ADFCE429159B2000F08606 /* Products */;
			projectDirPath = "";
			projectRoot = "";
			targets = (
				E3ADFCE229159B2000F08606 /* SpaceShooter */,
			);
		};
/* End PBXProject section */

/* Begin PBXResourcesBuildPhase section */
		E3ADFCE129159B2000F08606 /* Resources */ = {
			isa = PBXResourcesBuildPhase;
			buildActionMask = 2147483647;
			files = (
				E3ADFD0029159B7B00F08606 /* Scenes in Resources */,
				E3ADFCF229159B2000F08606 /* Main.storyboard in Resources */,
				E3ADFCF729159B2000F08606 /* LaunchScreen.storyboard in Resources */,
				E3ADFD0429159BBC00F08606 /* Model in Resources */,
				E3ADFD0229159BAD00F08606 /* Constants in Resources */,
				E3ADFCFE29159B5D00F08606 /* Common in Resources */,
			);
			runOnlyForDeploymentPostprocessing = 0;
		};
/* End PBXResourcesBuildPhase section */

/* Begin PBXSourcesBuildPhase section */
		E3ADFCDF29159B2000F08606 /* Sources */ = {
			isa = PBXSourcesBuildPhase;
			buildActionMask = 2147483647;
			files = (
				E3ADFCEF29159B2000F08606 /* GameViewController.swift in Sources */,
				E3ADFCE729159B2000F08606 /* AppDelegate.swift in Sources */,
			);
			runOnlyForDeploymentPostprocessing = 0;
		};
/* End PBXSourcesBuildPhase section */

/* Begin PBXVariantGroup section */
		E3ADFCF029159B2000F08606 /* Main.storyboard */ = {
			isa = PBXVariantGroup;
			children = (
				E3ADFCF129159B2000F08606 /* Base */,
			);
			name = Main.storyboard;
			sourceTree = "<group>";
		};
		E3ADFCF529159B2000F08606 /* LaunchScreen.storyboard */ = {
			isa = PBXVariantGroup;
			children = (
				E3ADFCF629159B2000F08606 /* Base */,
			);
			name = LaunchScreen.storyboard;
			sourceTree = "<group>";
		};
/* End PBXVariantGroup section */

/* Begin XCBuildConfiguration section */
		E3ADFCF829159B2000F08606 /* Debug */ = {
			isa = XCBuildConfiguration;
			buildSettings = {
				ALWAYS_SEARCH_USER_PATHS = NO;
				CLANG_ANALYZER_NONNULL = YES;
				CLANG_ANALYZER_NUMBER_OBJECT_CONVERSION = YES_AGGRESSIVE;
				CLANG_CXX_LANGUAGE_STANDARD = "gnu++20";
				CLANG_ENABLE_MODULES = YES;
				CLANG_ENABLE_OBJC_ARC = YES;
				CLANG_ENABLE_OBJC_WEAK = YES;
				CLANG_WARN_BLOCK_CAPTURE_AUTORELEASING = YES;
				CLANG_WARN_BOOL_CONVERSION = YES;
				CLANG_WARN_COMMA = YES;
				CLANG_WARN_CONSTANT_CONVERSION = YES;
				CLANG_WARN_DEPRECATED_OBJC_IMPLEMENTATIONS = YES;
				CLANG_WARN_DIRECT_OBJC_ISA_USAGE = YES_ERROR;
				CLANG_WARN_DOCUMENTATION_COMMENTS = YES;
				CLANG_WARN_EMPTY_BODY = YES;
				CLANG_WARN_ENUM_CONVERSION = YES;
				CLANG_WARN_INFINITE_RECURSION = YES;
				CLANG_WARN_INT_CONVERSION = YES;
				CLANG_WARN_NON_LITERAL_NULL_CONVERSION = YES;
				CLANG_WARN_OBJC_IMPLICIT_RETAIN_SELF = YES;
				CLANG_WARN_OBJC_LITERAL_CONVERSION = YES;
				CLANG_WARN_OBJC_ROOT_CLASS = YES_ERROR;
				CLANG_WARN_QUOTED_INCLUDE_IN_FRAMEWORK_HEADER = YES;
				CLANG_WARN_RANGE_LOOP_ANALYSIS = YES;
				CLANG_WARN_STRICT_PROTOTYPES = YES;
				CLANG_WARN_SUSPICIOUS_MOVE = YES;
				CLANG_WARN_UNGUARDED_AVAILABILITY = YES_AGGRESSIVE;
				CLANG_WARN_UNREACHABLE_CODE = YES;
				CLANG_WARN__DUPLICATE_METHOD_MATCH = YES;
				COPY_PHASE_STRIP = NO;
				DEBUG_INFORMATION_FORMAT = dwarf;
				ENABLE_STRICT_OBJC_MSGSEND = YES;
				ENABLE_TESTABILITY = YES;
				GCC_C_LANGUAGE_STANDARD = gnu11;
				GCC_DYNAMIC_NO_PIC = NO;
				GCC_NO_COMMON_BLOCKS = YES;
				GCC_OPTIMIZATION_LEVEL = 0;
				GCC_PREPROCESSOR_DEFINITIONS = (
					"DEBUG=1",
					"$(inherited)",
				);
				GCC_WARN_64_TO_32_BIT_CONVERSION = YES;
				GCC_WARN_ABOUT_RETURN_TYPE = YES_ERROR;
				GCC_WARN_UNDECLARED_SELECTOR = YES;
				GCC_WARN_UNINITIALIZED_AUTOS = YES_AGGRESSIVE;
				GCC_WARN_UNUSED_FUNCTION = YES;
				GCC_WARN_UNUSED_VARIABLE = YES;
				IPHONEOS_DEPLOYMENT_TARGET = 16.0;
				MTL_ENABLE_DEBUG_INFO = INCLUDE_SOURCE;
				MTL_FAST_MATH = YES;
				ONLY_ACTIVE_ARCH = YES;
				SDKROOT = iphoneos;
				SWIFT_ACTIVE_COMPILATION_CONDITIONS = DEBUG;
				SWIFT_OPTIMIZATION_LEVEL = "-Onone";
			};
			name = Debug;
		};
		E3ADFCF929159B2000F08606 /* Release */ = {
			isa = XCBuildConfiguration;
			buildSettings = {
				ALWAYS_SEARCH_USER_PATHS = NO;
				CLANG_ANALYZER_NONNULL = YES;
				CLANG_ANALYZER_NUMBER_OBJECT_CONVERSION = YES_AGGRESSIVE;
				CLANG_CXX_LANGUAGE_STANDARD = "gnu++20";
				CLANG_ENABLE_MODULES = YES;
				CLANG_ENABLE_OBJC_ARC = YES;
				CLANG_ENABLE_OBJC_WEAK = YES;
				CLANG_WARN_BLOCK_CAPTURE_AUTORELEASING = YES;
				CLANG_WARN_BOOL_CONVERSION = YES;
				CLANG_WARN_COMMA = YES;
				CLANG_WARN_CONSTANT_CONVERSION = YES;
				CLANG_WARN_DEPRECATED_OBJC_IMPLEMENTATIONS = YES;
				CLANG_WARN_DIRECT_OBJC_ISA_USAGE = YES_ERROR;
				CLANG_WARN_DOCUMENTATION_COMMENTS = YES;
				CLANG_WARN_EMPTY_BODY = YES;
				CLANG_WARN_ENUM_CONVERSION = YES;
				CLANG_WARN_INFINITE_RECURSION = YES;
				CLANG_WARN_INT_CONVERSION = YES;
				CLANG_WARN_NON_LITERAL_NULL_CONVERSION = YES;
				CLANG_WARN_OBJC_IMPLICIT_RETAIN_SELF = YES;
				CLANG_WARN_OBJC_LITERAL_CONVERSION = YES;
				CLANG_WARN_OBJC_ROOT_CLASS = YES_ERROR;
				CLANG_WARN_QUOTED_INCLUDE_IN_FRAMEWORK_HEADER = YES;
				CLANG_WARN_RANGE_LOOP_ANALYSIS = YES;
				CLANG_WARN_STRICT_PROTOTYPES = YES;
				CLANG_WARN_SUSPICIOUS_MOVE = YES;
				CLANG_WARN_UNGUARDED_AVAILABILITY = YES_AGGRESSIVE;
				CLANG_WARN_UNREACHABLE_CODE = YES;
				CLANG_WARN__DUPLICATE_METHOD_MATCH = YES;
				COPY_PHASE_STRIP = NO;
				DEBUG_INFORMATION_FORMAT = "dwarf-with-dsym";
				ENABLE_NS_ASSERTIONS = NO;
				ENABLE_STRICT_OBJC_MSGSEND = YES;
				GCC_C_LANGUAGE_STANDARD = gnu11;
				GCC_NO_COMMON_BLOCKS = YES;
				GCC_WARN_64_TO_32_BIT_CONVERSION = YES;
				GCC_WARN_ABOUT_RETURN_TYPE = YES_ERROR;
				GCC_WARN_UNDECLARED_SELECTOR = YES;
				GCC_WARN_UNINITIALIZED_AUTOS = YES_AGGRESSIVE;
				GCC_WARN_UNUSED_FUNCTION = YES;
				GCC_WARN_UNUSED_VARIABLE = YES;
				IPHONEOS_DEPLOYMENT_TARGET = 16.0;
				MTL_ENABLE_DEBUG_INFO = NO;
				MTL_FAST_MATH = YES;
				SDKROOT = iphoneos;
				SWIFT_COMPILATION_MODE = wholemodule;
				SWIFT_OPTIMIZATION_LEVEL = "-O";
				VALIDATE_PRODUCT = YES;
			};
			name = Release;
		};
		E3ADFCFB29159B2000F08606 /* Debug */ = {
			isa = XCBuildConfiguration;
			buildSettings = {
				ASSETCATALOG_COMPILER_APPICON_NAME = AppIcon;
				ASSETCATALOG_COMPILER_GLOBAL_ACCENT_COLOR_NAME = AccentColor;
				CODE_SIGN_STYLE = Automatic;
				CURRENT_PROJECT_VERSION = 1;
				GENERATE_INFOPLIST_FILE = YES;
				INFOPLIST_KEY_UIApplicationSupportsIndirectInputEvents = YES;
				INFOPLIST_KEY_UILaunchStoryboardName = LaunchScreen;
				INFOPLIST_KEY_UIMainStoryboardFile = Main;
				INFOPLIST_KEY_UIStatusBarHidden = YES;
				INFOPLIST_KEY_UISupportedInterfaceOrientations_iPad = "UIInterfaceOrientationPortrait UIInterfaceOrientationPortraitUpsideDown UIInterfaceOrientationLandscapeLeft UIInterfaceOrientationLandscapeRight";
				INFOPLIST_KEY_UISupportedInterfaceOrientations_iPhone = "UIInterfaceOrientationPortrait UIInterfaceOrientationLandscapeLeft UIInterfaceOrientationLandscapeRight";
				LD_RUNPATH_SEARCH_PATHS = (
					"$(inherited)",
					"@executable_path/Frameworks",
				);
				MARKETING_VERSION = 1.0;
				PRODUCT_BUNDLE_IDENTIFIER = com.digis.SpaceShooter.SpaceShooter;
				PRODUCT_NAME = "$(TARGET_NAME)";
				SWIFT_EMIT_LOC_STRINGS = YES;
				SWIFT_VERSION = 5.0;
				TARGETED_DEVICE_FAMILY = "1,2";
			};
			name = Debug;
		};
		E3ADFCFC29159B2000F08606 /* Release */ = {
			isa = XCBuildConfiguration;
			buildSettings = {
				ASSETCATALOG_COMPILER_APPICON_NAME = AppIcon;
				ASSETCATALOG_COMPILER_GLOBAL_ACCENT_COLOR_NAME = AccentColor;
				CODE_SIGN_STYLE = Automatic;
				CURRENT_PROJECT_VERSION = 1;
				GENERATE_INFOPLIST_FILE = YES;
				INFOPLIST_KEY_UIApplicationSupportsIndirectInputEvents = YES;
				INFOPLIST_KEY_UILaunchStoryboardName = LaunchScreen;
				INFOPLIST_KEY_UIMainStoryboardFile = Main;
				INFOPLIST_KEY_UIStatusBarHidden = YES;
				INFOPLIST_KEY_UISupportedInterfaceOrientations_iPad = "UIInterfaceOrientationPortrait UIInterfaceOrientationPortraitUpsideDown UIInterfaceOrientationLandscapeLeft UIInterfaceOrientationLandscapeRight";
				INFOPLIST_KEY_UISupportedInterfaceOrientations_iPhone = "UIInterfaceOrientationPortrait UIInterfaceOrientationLandscapeLeft UIInterfaceOrientationLandscapeRight";
				LD_RUNPATH_SEARCH_PATHS = (
					"$(inherited)",
					"@executable_path/Frameworks",
				);
				MARKETING_VERSION = 1.0;
				PRODUCT_BUNDLE_IDENTIFIER = com.digis.SpaceShooter.SpaceShooter;
				PRODUCT_NAME = "$(TARGET_NAME)";
				SWIFT_EMIT_LOC_STRINGS = YES;
				SWIFT_VERSION = 5.0;
				TARGETED_DEVICE_FAMILY = "1,2";
			};
			name = Release;
		};
/* End XCBuildConfiguration section */

/* Begin XCConfigurationList section */
		E3ADFCDE29159B2000F08606 /* Build configuration list for PBXProject "SpaceShooter" */ = {
			isa = XCConfigurationList;
			buildConfigurations = (
				E3ADFCF829159B2000F08606 /* Debug */,
				E3ADFCF929159B2000F08606 /* Release */,
			);
			defaultConfigurationIsVisible = 0;
			defaultConfigurationName = Release;
		};
		E3ADFCFA29159B2000F08606 /* Build configuration list for PBXNativeTarget "SpaceShooter" */ = {
			isa = XCConfigurationList;
			buildConfigurations = (
				E3ADFCFB29159B2000F08606 /* Debug */,
				E3ADFCFC29159B2000F08606 /* Release */,
			);
			defaultConfigurationIsVisible = 0;
			defaultConfigurationName = Release;
		};
/* End XCConfigurationList section */
	};
	rootObject = E3ADFCDB29159B2000F08606 /* Project object */;
}
